# This file is automatically @generated by Cargo.
# It is not intended for manual editing.
[[package]]
name = "fonv_cracker"
version = "0.1.0"
dependencies = [
 "input_helpers",
 "lazy_static",
 "text_io",
]

[[package]]
name = "input_helpers"
version = "0.1.0"

[[package]]
name = "lazy_static"
version = "1.4.0"
source = "registry+https://github.com/rust-lang/crates.io-index"
checksum = "e2abad23fbc42b3700f2f279844dc832adb2b2eb069b2df918f455c4e18cc646"

[[package]]
name = "text_io"
version = "0.1.8"
source = "registry+https://github.com/rust-lang/crates.io-index"
checksum = "6cb170b4f47dc48835fbc56259c12d8963e542b05a24be2e3a1f5a6c320fd2d4"
