# This file is automatically @generated by Cargo.
# It is not intended for manual editing.
[[package]]
name = "fonv_cracker"
version = "0.1.0"
dependencies = [
 "snm_simple_file",
 "text_io",
]

[[package]]
name = "snm_simple_file"
version = "0.1.0"
source = "git+https://github.com/scottnm/snm_simple_file?branch=main#b9730f7cc37309cb41e089c29005adb57bb80151"

[[package]]
name = "text_io"
version = "0.1.8"
source = "registry+https://github.com/rust-lang/crates.io-index"
checksum = "6cb170b4f47dc48835fbc56259c12d8963e542b05a24be2e3a1f5a6c320fd2d4"
